// !$*UTF8*$!
{
	archiveVersion = 1;
	classes = {
	};
	objectVersion = 46;
	objects = {

/* Begin PBXBuildFile section */
		274CA4130D1D6CC180B13214 /* ofxDeckLink.cpp in Sources */ = {isa = PBXBuildFile; fileRef = 431E58E5BAEAA0086F348F4B /* ofxDeckLink.cpp */; };
		3652DE64DCE39055DCB7E9AB /* ofxDeckLinkOutput.cpp in Sources */ = {isa = PBXBuildFile; fileRef = 189D9A20996A7123571EC46A /* ofxDeckLinkOutput.cpp */; };
		70A54C5054010C1232DC7669 /* ofxDeckLinkAPIConstants.cpp in Sources */ = {isa = PBXBuildFile; fileRef = 2484D1C4AB8AAD3081D684EF /* ofxDeckLinkAPIConstants.cpp */; };
		92CFD28A8EE3E1EB03D79F02 /* ofxDeckLinkInput.cpp in Sources */ = {isa = PBXBuildFile; fileRef = 1BA059110C665DC7D3C2636A /* ofxDeckLinkInput.cpp */; };
		C44D74886517801BCEEE3CBE /* DeckLinkAPIDispatch.cpp in Sources */ = {isa = PBXBuildFile; fileRef = D972E96B0E399E9546402134 /* DeckLinkAPIDispatch.cpp */; };
		E4328149138ABC9F0047C5CB /* openFrameworksDebug.a in Frameworks */ = {isa = PBXBuildFile; fileRef = E4328148138ABC890047C5CB /* openFrameworksDebug.a */; };
		E4B69E210A3A1BDC003C02F2 /* ofApp.cpp in Sources */ = {isa = PBXBuildFile; fileRef = E4B69E1E0A3A1BDC003C02F2 /* ofApp.cpp */; };
/* End PBXBuildFile section */

/* Begin PBXContainerItemProxy section */
		E4328147138ABC890047C5CB /* PBXContainerItemProxy */ = {
			isa = PBXContainerItemProxy;
			containerPortal = E4328143138ABC890047C5CB /* openFrameworksLib.xcodeproj */;
			proxyType = 2;
			remoteGlobalIDString = E4B27C1510CBEB8E00536013;
			remoteInfo = openFrameworks;
		};
		E4EEB9AB138B136A00A80321 /* PBXContainerItemProxy */ = {
			isa = PBXContainerItemProxy;
			containerPortal = E4328143138ABC890047C5CB /* openFrameworksLib.xcodeproj */;
			proxyType = 1;
			remoteGlobalIDString = E4B27C1410CBEB8E00536013;
			remoteInfo = openFrameworks;
		};
/* End PBXContainerItemProxy section */

/* Begin PBXCopyFilesBuildPhase section */
		E4C2427710CC5ABF004149E2 /* CopyFiles */ = {
			isa = PBXCopyFilesBuildPhase;
			buildActionMask = 2147483647;
			dstPath = "";
			dstSubfolderSpec = 10;
			files = (
			);
			runOnlyForDeploymentPostprocessing = 0;
		};
/* End PBXCopyFilesBuildPhase section */

/* Begin PBXFileReference section */
		189D9A20996A7123571EC46A /* ofxDeckLinkOutput.cpp */ = {isa = PBXFileReference; explicitFileType = sourcecode.cpp.cpp; fileEncoding = 30; name = ofxDeckLinkOutput.cpp; path = ../../../addons/ofxDeckLink/src/ofxDeckLinkOutput.cpp; sourceTree = SOURCE_ROOT; };
		1BA059110C665DC7D3C2636A /* ofxDeckLinkInput.cpp */ = {isa = PBXFileReference; explicitFileType = sourcecode.cpp.cpp; fileEncoding = 30; name = ofxDeckLinkInput.cpp; path = ../../../addons/ofxDeckLink/src/ofxDeckLinkInput.cpp; sourceTree = SOURCE_ROOT; };
		22B0112805834FC8DB516721 /* ofxDeckLink.h */ = {isa = PBXFileReference; explicitFileType = sourcecode.c.h; fileEncoding = 30; name = ofxDeckLink.h; path = ../../../addons/ofxDeckLink/src/ofxDeckLink.h; sourceTree = SOURCE_ROOT; };
		2484D1C4AB8AAD3081D684EF /* ofxDeckLinkAPIConstants.cpp */ = {isa = PBXFileReference; explicitFileType = sourcecode.cpp.cpp; fileEncoding = 30; name = ofxDeckLinkAPIConstants.cpp; path = ../../../addons/ofxDeckLink/src/ofxDeckLinkAPIConstants.cpp; sourceTree = SOURCE_ROOT; };
		326FD069B23C0F8B8CF2F8D2 /* ofxDeckLinkInput.h */ = {isa = PBXFileReference; explicitFileType = sourcecode.c.h; fileEncoding = 30; name = ofxDeckLinkInput.h; path = ../../../addons/ofxDeckLink/src/ofxDeckLinkInput.h; sourceTree = SOURCE_ROOT; };
		4093BCF60570F206ABF6C979 /* DeckLinkAPIVersion.h */ = {isa = PBXFileReference; explicitFileType = sourcecode.c.h; fileEncoding = 30; name = DeckLinkAPIVersion.h; path = ../../../addons/ofxDeckLink/libs/DeckLinkAPI/include/DeckLinkAPIVersion.h; sourceTree = SOURCE_ROOT; };
		431E58E5BAEAA0086F348F4B /* ofxDeckLink.cpp */ = {isa = PBXFileReference; explicitFileType = sourcecode.cpp.cpp; fileEncoding = 30; name = ofxDeckLink.cpp; path = ../../../addons/ofxDeckLink/src/ofxDeckLink.cpp; sourceTree = SOURCE_ROOT; };
		47712C3FF61D1E3945AD5E1B /* DeckLinkAPIDiscovery.h */ = {isa = PBXFileReference; explicitFileType = sourcecode.c.h; fileEncoding = 30; name = DeckLinkAPIDiscovery.h; path = ../../../addons/ofxDeckLink/libs/DeckLinkAPI/include/DeckLinkAPIDiscovery.h; sourceTree = SOURCE_ROOT; };
		58414C1B03A4296118C189EB /* ofxDeckLinkOutput.h */ = {isa = PBXFileReference; explicitFileType = sourcecode.c.h; fileEncoding = 30; name = ofxDeckLinkOutput.h; path = ../../../addons/ofxDeckLink/src/ofxDeckLinkOutput.h; sourceTree = SOURCE_ROOT; };
		A534535F5FEAB5C5CB7275F6 /* DeckLinkAPIModes.h */ = {isa = PBXFileReference; explicitFileType = sourcecode.c.h; fileEncoding = 30; name = DeckLinkAPIModes.h; path = ../../../addons/ofxDeckLink/libs/DeckLinkAPI/include/DeckLinkAPIModes.h; sourceTree = SOURCE_ROOT; };
		ABB00039C2028BE75FF61C60 /* DeckLinkAPIConfiguration.h */ = {isa = PBXFileReference; explicitFileType = sourcecode.c.h; fileEncoding = 30; name = DeckLinkAPIConfiguration.h; path = ../../../addons/ofxDeckLink/libs/DeckLinkAPI/include/DeckLinkAPIConfiguration.h; sourceTree = SOURCE_ROOT; };
		B6B4ACD451F44E725FE05610 /* DeckLinkAPI.h */ = {isa = PBXFileReference; explicitFileType = sourcecode.c.h; fileEncoding = 30; name = DeckLinkAPI.h; path = ../../../addons/ofxDeckLink/libs/DeckLinkAPI/include/DeckLinkAPI.h; sourceTree = SOURCE_ROOT; };
		D412A3EAF2295FBEE5FBF16B /* DeckLinkAPITypes.h */ = {isa = PBXFileReference; explicitFileType = sourcecode.c.h; fileEncoding = 30; name = DeckLinkAPITypes.h; path = ../../../addons/ofxDeckLink/libs/DeckLinkAPI/include/DeckLinkAPITypes.h; sourceTree = SOURCE_ROOT; };
		D7AC475E459EF0A3714AC73A /* ofxDeckLinkAPIConstants.h */ = {isa = PBXFileReference; explicitFileType = sourcecode.c.h; fileEncoding = 30; name = ofxDeckLinkAPIConstants.h; path = ../../../addons/ofxDeckLink/src/ofxDeckLinkAPIConstants.h; sourceTree = SOURCE_ROOT; };
		D972E96B0E399E9546402134 /* DeckLinkAPIDispatch.cpp */ = {isa = PBXFileReference; explicitFileType = sourcecode.cpp.cpp; fileEncoding = 30; name = DeckLinkAPIDispatch.cpp; path = ../../../addons/ofxDeckLink/libs/DeckLinkAPI/include/DeckLinkAPIDispatch.cpp; sourceTree = SOURCE_ROOT; };
		DCA87AB04E516A56A6D5FFC2 /* DeckLinkAPIStreaming.h */ = {isa = PBXFileReference; explicitFileType = sourcecode.c.h; fileEncoding = 30; name = DeckLinkAPIStreaming.h; path = ../../../addons/ofxDeckLink/libs/DeckLinkAPI/include/DeckLinkAPIStreaming.h; sourceTree = SOURCE_ROOT; };
		E4328143138ABC890047C5CB /* openFrameworksLib.xcodeproj */ = {isa = PBXFileReference; lastKnownFileType = "wrapper.pb-project"; name = openFrameworksLib.xcodeproj; path = ../../../libs/openFrameworksCompiled/project/osx/openFrameworksLib.xcodeproj; sourceTree = SOURCE_ROOT; };
		E4B69B5B0A3A1756003C02F2 /* example-outputDebug.app */ = {isa = PBXFileReference; explicitFileType = wrapper.application; includeInIndex = 0; path = "example-outputDebug.app"; sourceTree = BUILT_PRODUCTS_DIR; };
		E4B69E1E0A3A1BDC003C02F2 /* ofApp.cpp */ = {isa = PBXFileReference; explicitFileType = sourcecode.cpp.cpp; fileEncoding = 30; name = ofApp.cpp; path = src/ofApp.cpp; sourceTree = SOURCE_ROOT; };
		E4B6FCAD0C3E899E008CF71C /* openFrameworks-Info.plist */ = {isa = PBXFileReference; fileEncoding = 30; lastKnownFileType = text.plist.xml; path = "openFrameworks-Info.plist"; sourceTree = "<group>"; };
		E4EB691F138AFCF100A09F29 /* CoreOF.xcconfig */ = {isa = PBXFileReference; fileEncoding = 4; lastKnownFileType = text.xcconfig; name = CoreOF.xcconfig; path = ../../../libs/openFrameworksCompiled/project/osx/CoreOF.xcconfig; sourceTree = SOURCE_ROOT; };
		E4EB6923138AFD0F00A09F29 /* Project.xcconfig */ = {isa = PBXFileReference; fileEncoding = 4; lastKnownFileType = text.xcconfig; path = Project.xcconfig; sourceTree = "<group>"; };
		F0EF88ADECB31F62AE4C1497 /* DeckLinkAPIDeckControl.h */ = {isa = PBXFileReference; explicitFileType = sourcecode.c.h; fileEncoding = 30; name = DeckLinkAPIDeckControl.h; path = ../../../addons/ofxDeckLink/libs/DeckLinkAPI/include/DeckLinkAPIDeckControl.h; sourceTree = SOURCE_ROOT; };
/* End PBXFileReference section */

/* Begin PBXFrameworksBuildPhase section */
		E4B69B590A3A1756003C02F2 /* Frameworks */ = {
			isa = PBXFrameworksBuildPhase;
			buildActionMask = 2147483647;
			files = (
				E4328149138ABC9F0047C5CB /* openFrameworksDebug.a in Frameworks */,
			);
			runOnlyForDeploymentPostprocessing = 0;
		};
/* End PBXFrameworksBuildPhase section */

/* Begin PBXGroup section */
		0B0DA1081AEB63ED4B116A0B /* include */ = {
			isa = PBXGroup;
			children = (
				B6B4ACD451F44E725FE05610 /* DeckLinkAPI.h */,
				ABB00039C2028BE75FF61C60 /* DeckLinkAPIConfiguration.h */,
				F0EF88ADECB31F62AE4C1497 /* DeckLinkAPIDeckControl.h */,
				47712C3FF61D1E3945AD5E1B /* DeckLinkAPIDiscovery.h */,
				D972E96B0E399E9546402134 /* DeckLinkAPIDispatch.cpp */,
				A534535F5FEAB5C5CB7275F6 /* DeckLinkAPIModes.h */,
				DCA87AB04E516A56A6D5FFC2 /* DeckLinkAPIStreaming.h */,
				D412A3EAF2295FBEE5FBF16B /* DeckLinkAPITypes.h */,
				4093BCF60570F206ABF6C979 /* DeckLinkAPIVersion.h */,
			);
			name = include;
			sourceTree = "<group>";
		};
		1080C156CF0CB5ACEC00504C /* ofxDeckLink */ = {
			isa = PBXGroup;
			children = (
				E04162475EE3D47EFBE1ACA2 /* src */,
				4377FB60802F756190BA19EE /* libs */,
			);
			name = ofxDeckLink;
			sourceTree = "<group>";
		};
		4377FB60802F756190BA19EE /* libs */ = {
			isa = PBXGroup;
			children = (
				C2F0C013E05AD3C5E92B49D0 /* DeckLinkAPI */,
			);
			name = libs;
			sourceTree = "<group>";
		};
		6948EE371B920CB800B5AC1A /* local_addons */ = {
			isa = PBXGroup;
			children = (
			);
			name = local_addons;
			sourceTree = "<group>";
		};
		BB4B014C10F69532006C3DED /* addons */ = {
			isa = PBXGroup;
			children = (
				1080C156CF0CB5ACEC00504C /* ofxDeckLink */,
			);
			name = addons;
			sourceTree = "<group>";
		};
		C2F0C013E05AD3C5E92B49D0 /* DeckLinkAPI */ = {
			isa = PBXGroup;
			children = (
				0B0DA1081AEB63ED4B116A0B /* include */,
			);
			name = DeckLinkAPI;
			sourceTree = "<group>";
		};
		E04162475EE3D47EFBE1ACA2 /* src */ = {
			isa = PBXGroup;
			children = (
				431E58E5BAEAA0086F348F4B /* ofxDeckLink.cpp */,
				22B0112805834FC8DB516721 /* ofxDeckLink.h */,
				2484D1C4AB8AAD3081D684EF /* ofxDeckLinkAPIConstants.cpp */,
				D7AC475E459EF0A3714AC73A /* ofxDeckLinkAPIConstants.h */,
				1BA059110C665DC7D3C2636A /* ofxDeckLinkInput.cpp */,
				326FD069B23C0F8B8CF2F8D2 /* ofxDeckLinkInput.h */,
				189D9A20996A7123571EC46A /* ofxDeckLinkOutput.cpp */,
				58414C1B03A4296118C189EB /* ofxDeckLinkOutput.h */,
			);
			name = src;
			sourceTree = "<group>";
		};
		E4328144138ABC890047C5CB /* Products */ = {
			isa = PBXGroup;
			children = (
				E4328148138ABC890047C5CB /* openFrameworksDebug.a */,
			);
			name = Products;
			sourceTree = "<group>";
		};
		E4B69B4A0A3A1720003C02F2 = {
			isa = PBXGroup;
			children = (
				E4B6FCAD0C3E899E008CF71C /* openFrameworks-Info.plist */,
				E4EB6923138AFD0F00A09F29 /* Project.xcconfig */,
				E4B69E1C0A3A1BDC003C02F2 /* src */,
				E4EEC9E9138DF44700A80321 /* openFrameworks */,
				BB4B014C10F69532006C3DED /* addons */,
				6948EE371B920CB800B5AC1A /* local_addons */,
				E4B69B5B0A3A1756003C02F2 /* example-outputDebug.app */,
			);
			sourceTree = "<group>";
		};
		E4B69E1C0A3A1BDC003C02F2 /* src */ = {
			isa = PBXGroup;
			children = (
				E4B69E1E0A3A1BDC003C02F2 /* ofApp.cpp */,
			);
			path = src;
			sourceTree = SOURCE_ROOT;
		};
		E4EEC9E9138DF44700A80321 /* openFrameworks */ = {
			isa = PBXGroup;
			children = (
				E4EB691F138AFCF100A09F29 /* CoreOF.xcconfig */,
				E4328143138ABC890047C5CB /* openFrameworksLib.xcodeproj */,
			);
			name = openFrameworks;
			sourceTree = "<group>";
		};
/* End PBXGroup section */

/* Begin PBXNativeTarget section */
		E4B69B5A0A3A1756003C02F2 /* example-output */ = {
			isa = PBXNativeTarget;
			buildConfigurationList = E4B69B5F0A3A1757003C02F2 /* Build configuration list for PBXNativeTarget "example-output" */;
			buildPhases = (
				E4B69B580A3A1756003C02F2 /* Sources */,
				E4B69B590A3A1756003C02F2 /* Frameworks */,
				E4B6FFFD0C3F9AB9008CF71C /* ShellScript */,
				E4C2427710CC5ABF004149E2 /* CopyFiles */,
			);
			buildRules = (
			);
			dependencies = (
				E4EEB9AC138B136A00A80321 /* PBXTargetDependency */,
			);
			name = "example-output";
			productName = myOFApp;
			productReference = E4B69B5B0A3A1756003C02F2 /* example-outputDebug.app */;
			productType = "com.apple.product-type.application";
		};
/* End PBXNativeTarget section */

/* Begin PBXProject section */
		E4B69B4C0A3A1720003C02F2 /* Project object */ = {
			isa = PBXProject;
			attributes = {
				LastUpgradeCheck = 0600;
			};
			buildConfigurationList = E4B69B4D0A3A1720003C02F2 /* Build configuration list for PBXProject "example-output" */;
			compatibilityVersion = "Xcode 3.2";
			developmentRegion = English;
			hasScannedForEncodings = 0;
			knownRegions = (
				English,
				Japanese,
				French,
				German,
			);
			mainGroup = E4B69B4A0A3A1720003C02F2;
			productRefGroup = E4B69B4A0A3A1720003C02F2;
			projectDirPath = "";
			projectReferences = (
				{
					ProductGroup = E4328144138ABC890047C5CB /* Products */;
					ProjectRef = E4328143138ABC890047C5CB /* openFrameworksLib.xcodeproj */;
				},
			);
			projectRoot = "";
			targets = (
				E4B69B5A0A3A1756003C02F2 /* example-output */,
			);
		};
/* End PBXProject section */

/* Begin PBXReferenceProxy section */
		E4328148138ABC890047C5CB /* openFrameworksDebug.a */ = {
			isa = PBXReferenceProxy;
			fileType = archive.ar;
			path = openFrameworksDebug.a;
			remoteRef = E4328147138ABC890047C5CB /* PBXContainerItemProxy */;
			sourceTree = BUILT_PRODUCTS_DIR;
		};
/* End PBXReferenceProxy section */

/* Begin PBXShellScriptBuildPhase section */
		E4B6FFFD0C3F9AB9008CF71C /* ShellScript */ = {
			isa = PBXShellScriptBuildPhase;
			buildActionMask = 2147483647;
			files = (
			);
			inputPaths = (
			);
			outputPaths = (
			);
			runOnlyForDeploymentPostprocessing = 0;
			shellPath = /bin/sh;
			shellScript = "mkdir -p \"$TARGET_BUILD_DIR/$PRODUCT_NAME.app/Contents/Resources/\"\n# Copy default icon file into App/Resources\nrsync -aved \"$ICON_FILE\" \"$TARGET_BUILD_DIR/$PRODUCT_NAME.app/Contents/Resources/\"\n# Copy libfmod and change install directory for fmod to run\nrsync -aved ../../../libs/fmodex/lib/osx/libfmodex.dylib \"$TARGET_BUILD_DIR/$PRODUCT_NAME.app/Contents/Frameworks/\";\ninstall_name_tool -change @executable_path/libfmodex.dylib @executable_path/../Frameworks/libfmodex.dylib \"$TARGET_BUILD_DIR/$PRODUCT_NAME.app/Contents/MacOS/$PRODUCT_NAME\";\n# Copy GLUT framework (must remove for AppStore submissions)\nrsync -aved ../../../libs/glut/lib/osx/GLUT.framework \"$TARGET_BUILD_DIR/$PRODUCT_NAME.app/Contents/Frameworks/\"\n";
		};
/* End PBXShellScriptBuildPhase section */

/* Begin PBXSourcesBuildPhase section */
		E4B69B580A3A1756003C02F2 /* Sources */ = {
			isa = PBXSourcesBuildPhase;
			buildActionMask = 2147483647;
			files = (
				E4B69E210A3A1BDC003C02F2 /* ofApp.cpp in Sources */,
				274CA4130D1D6CC180B13214 /* ofxDeckLink.cpp in Sources */,
				70A54C5054010C1232DC7669 /* ofxDeckLinkAPIConstants.cpp in Sources */,
				92CFD28A8EE3E1EB03D79F02 /* ofxDeckLinkInput.cpp in Sources */,
				3652DE64DCE39055DCB7E9AB /* ofxDeckLinkOutput.cpp in Sources */,
				C44D74886517801BCEEE3CBE /* DeckLinkAPIDispatch.cpp in Sources */,
			);
			runOnlyForDeploymentPostprocessing = 0;
		};
/* End PBXSourcesBuildPhase section */

/* Begin PBXTargetDependency section */
		E4EEB9AC138B136A00A80321 /* PBXTargetDependency */ = {
			isa = PBXTargetDependency;
			name = openFrameworks;
			targetProxy = E4EEB9AB138B136A00A80321 /* PBXContainerItemProxy */;
		};
/* End PBXTargetDependency section */

/* Begin XCBuildConfiguration section */
		E4B69B4E0A3A1720003C02F2 /* Debug */ = {
			isa = XCBuildConfiguration;
			baseConfigurationReference = E4EB6923138AFD0F00A09F29 /* Project.xcconfig */;
			buildSettings = {
				CONFIGURATION_BUILD_DIR = "$(SRCROOT)/bin/";
				COPY_PHASE_STRIP = NO;
				DEAD_CODE_STRIPPING = YES;
				GCC_AUTO_VECTORIZATION = YES;
				GCC_ENABLE_SSE3_EXTENSIONS = YES;
				GCC_ENABLE_SUPPLEMENTAL_SSE3_INSTRUCTIONS = YES;
				GCC_INLINES_ARE_PRIVATE_EXTERN = NO;
				GCC_OPTIMIZATION_LEVEL = 0;
				GCC_SYMBOLS_PRIVATE_EXTERN = NO;
				GCC_WARN_ABOUT_DEPRECATED_FUNCTIONS = YES;
				GCC_WARN_ABOUT_INVALID_OFFSETOF_MACRO = NO;
				GCC_WARN_ALLOW_INCOMPLETE_PROTOCOL = NO;
				GCC_WARN_UNINITIALIZED_AUTOS = NO;
				GCC_WARN_UNUSED_VALUE = NO;
				GCC_WARN_UNUSED_VARIABLE = NO;
				HEADER_SEARCH_PATHS = (
					"$(OF_CORE_HEADERS)",
					../../../addons/ofxDeckLink/libs,
					../../../addons/ofxDeckLink/libs/DeckLinkAPI,
					../../../addons/ofxDeckLink/libs/DeckLinkAPI/include,
					../../../addons/ofxDeckLink/src,
				);
				MACOSX_DEPLOYMENT_TARGET = 10.8;
				ONLY_ACTIVE_ARCH = YES;
				OTHER_CPLUSPLUSFLAGS = (
					"-D__MACOSX_CORE__",
					"-mtune=native",
				);
				SDKROOT = macosx;
			};
			name = Debug;
		};
		E4B69B4F0A3A1720003C02F2 /* Release */ = {
			isa = XCBuildConfiguration;
			baseConfigurationReference = E4EB6923138AFD0F00A09F29 /* Project.xcconfig */;
			buildSettings = {
				CONFIGURATION_BUILD_DIR = "$(SRCROOT)/bin/";
				COPY_PHASE_STRIP = YES;
				DEAD_CODE_STRIPPING = YES;
				GCC_AUTO_VECTORIZATION = YES;
				GCC_ENABLE_SSE3_EXTENSIONS = YES;
				GCC_ENABLE_SUPPLEMENTAL_SSE3_INSTRUCTIONS = YES;
				GCC_INLINES_ARE_PRIVATE_EXTERN = NO;
				GCC_OPTIMIZATION_LEVEL = 3;
				GCC_SYMBOLS_PRIVATE_EXTERN = NO;
				GCC_UNROLL_LOOPS = YES;
				GCC_WARN_ABOUT_DEPRECATED_FUNCTIONS = YES;
				GCC_WARN_ABOUT_INVALID_OFFSETOF_MACRO = NO;
				GCC_WARN_ALLOW_INCOMPLETE_PROTOCOL = NO;
				GCC_WARN_UNINITIALIZED_AUTOS = NO;
				GCC_WARN_UNUSED_VALUE = NO;
				GCC_WARN_UNUSED_VARIABLE = NO;
				HEADER_SEARCH_PATHS = (
					"$(OF_CORE_HEADERS)",
					../../../addons/ofxDeckLink/libs,
					../../../addons/ofxDeckLink/libs/DeckLinkAPI,
					../../../addons/ofxDeckLink/libs/DeckLinkAPI/include,
					../../../addons/ofxDeckLink/src,
				);
				MACOSX_DEPLOYMENT_TARGET = 10.8;
				OTHER_CPLUSPLUSFLAGS = (
					"-D__MACOSX_CORE__",
					"-mtune=native",
				);
				SDKROOT = macosx;
			};
			name = Release;
		};
		E4B69B600A3A1757003C02F2 /* Debug */ = {
			isa = XCBuildConfiguration;
			baseConfigurationReference = E4EB6923138AFD0F00A09F29 /* Project.xcconfig */;
			buildSettings = {
				COMBINE_HIDPI_IMAGES = YES;
				COPY_PHASE_STRIP = NO;
				FRAMEWORK_SEARCH_PATHS = (
					"$(inherited)",
					"$(FRAMEWORK_SEARCH_PATHS_QUOTED_FOR_TARGET_1)",
				);
				FRAMEWORK_SEARCH_PATHS_QUOTED_FOR_TARGET_1 = "\"$(SRCROOT)/../../../libs/glut/lib/osx\"";
				GCC_DYNAMIC_NO_PIC = NO;
				GCC_GENERATE_DEBUGGING_SYMBOLS = YES;
				GCC_MODEL_TUNING = NONE;
				HEADER_SEARCH_PATHS = (
					"$(OF_CORE_HEADERS)",
					../../../addons/ofxDeckLink/libs,
					../../../addons/ofxDeckLink/libs/DeckLinkAPI,
					../../../addons/ofxDeckLink/libs/DeckLinkAPI/include,
					../../../addons/ofxDeckLink/src,
				);
				ICON = "$(ICON_NAME_DEBUG)";
				ICON_FILE = "$(ICON_FILE_PATH)$(ICON)";
				INFOPLIST_FILE = "openFrameworks-Info.plist";
				INSTALL_PATH = /Applications;
				LIBRARY_SEARCH_PATHS = "$(inherited)";
				PRODUCT_NAME = "$(TARGET_NAME)Debug";
				WRAPPER_EXTENSION = app;
			};
			name = Debug;
		};
		E4B69B610A3A1757003C02F2 /* Release */ = {
			isa = XCBuildConfiguration;
			baseConfigurationReference = E4EB6923138AFD0F00A09F29 /* Project.xcconfig */;
			buildSettings = {
				COMBINE_HIDPI_IMAGES = YES;
				COPY_PHASE_STRIP = YES;
				FRAMEWORK_SEARCH_PATHS = (
					"$(inherited)",
					"$(FRAMEWORK_SEARCH_PATHS_QUOTED_FOR_TARGET_1)",
				);
				FRAMEWORK_SEARCH_PATHS_QUOTED_FOR_TARGET_1 = "\"$(SRCROOT)/../../../libs/glut/lib/osx\"";
				GCC_GENERATE_DEBUGGING_SYMBOLS = YES;
				GCC_MODEL_TUNING = NONE;
				HEADER_SEARCH_PATHS = (
					"$(OF_CORE_HEADERS)",
					../../../addons/ofxDeckLink/libs,
					../../../addons/ofxDeckLink/libs/DeckLinkAPI,
					../../../addons/ofxDeckLink/libs/DeckLinkAPI/include,
					../../../addons/ofxDeckLink/src,
				);
				ICON = "$(ICON_NAME_RELEASE)";
				ICON_FILE = "$(ICON_FILE_PATH)$(ICON)";
				INFOPLIST_FILE = "openFrameworks-Info.plist";
				INSTALL_PATH = /Applications;
				LIBRARY_SEARCH_PATHS = "$(inherited)";
				PRODUCT_NAME = "$(TARGET_NAME)";
				WRAPPER_EXTENSION = app;
				baseConfigurationReference = E4EB6923138AFD0F00A09F29;
			};
			name = Release;
		};
/* End XCBuildConfiguration section */

/* Begin XCConfigurationList section */
		E4B69B4D0A3A1720003C02F2 /* Build configuration list for PBXProject "example-output" */ = {
			isa = XCConfigurationList;
			buildConfigurations = (
				E4B69B4E0A3A1720003C02F2 /* Debug */,
				E4B69B4F0A3A1720003C02F2 /* Release */,
			);
			defaultConfigurationIsVisible = 0;
			defaultConfigurationName = Release;
		};
		E4B69B5F0A3A1757003C02F2 /* Build configuration list for PBXNativeTarget "example-output" */ = {
			isa = XCConfigurationList;
			buildConfigurations = (
				E4B69B600A3A1757003C02F2 /* Debug */,
				E4B69B610A3A1757003C02F2 /* Release */,
			);
			defaultConfigurationIsVisible = 0;
			defaultConfigurationName = Release;
		};
/* End XCConfigurationList section */
	};
	rootObject = E4B69B4C0A3A1720003C02F2 /* Project object */;
}
